dependencies:
- name: grafana
  repository: https://giantswarm.github.io/giantswarm-catalog/
  version: 2.41.0
- name: loki
  repository: https://giantswarm.github.io/giantswarm-catalog/
  version: 0.48.0
- name: mimir
  repository: https://giantswarm.github.io/control-plane-catalog/
  version: 0.30.1
- name: observability-operator
  repository: https://giantswarm.github.io/control-plane-catalog/
  version: 0.72.2
- name: observability-platform-api
  repository: https://giantswarm.github.io/control-plane-catalog/
  version: 0.5.0
- name: tempo
  repository: https://giantswarm.github.io/control-plane-catalog/
  version: 0.18.0
digest: sha256:3978eccdb97e542e1ebc33f45f1568e964846f6f0dc032acc8020a1f6dbed82e
generated: "2026-10-05T14:51:51.667678929Z"
