dependencies:
- name: grafana
  repository: https://giantswarm.github.io/giantswarm-catalog/
  version: 2.41.0
- name: loki
  repository: https://giantswarm.github.io/giantswarm-catalog/
  version: 0.45.0
- name: mimir
  repository: https://giantswarm.github.io/control-plane-catalog/
  version: 0.30.1
- name: observability-operator
  repository: https://giantswarm.github.io/control-plane-catalog/
  version: 0.81.0
- name: observability-platform-api
  repository: https://giantswarm.github.io/control-plane-catalog/
  version: 0.5.0
- name: tempo
  repository: https://giantswarm.github.io/control-plane-catalog/
  version: 0.18.0
digest: sha256:114264d3982c4525391717f703997c2fca58128cbf63dc38868e4454c8b3dd83
generated: "2026-10-02T08:01:05.668300894Z"
