dependencies:
- name: grafana
  repository: https://giantswarm.github.io/giantswarm-catalog/
  version: 2.38.0
- name: loki
  repository: https://giantswarm.github.io/giantswarm-catalog/
  version: 0.45.0
- name: mimir
  repository: https://giantswarm.github.io/control-plane-catalog/
  version: 0.30.0
- name: observability-operator
  repository: https://giantswarm.github.io/control-plane-catalog/
  version: 0.80.0
- name: observability-platform-api
  repository: https://giantswarm.github.io/control-plane-catalog/
  version: 0.4.0
- name: tempo
  repository: https://giantswarm.github.io/control-plane-catalog/
  version: 0.18.0
digest: sha256:941065bd80efa15019a9e13f4f8bfae001ad5bc4dac108b9ff905693eae7841b
generated: "2026-09-18T21:13:48.425376839Z"
